
Microsoft Visual Studio Solution File, Format Version 12.00
# Visual Studio Version 16
VisualStudioVersion = 16.0.29411.108
MinimumVisualStudioVersion = 10.0.40219.1
Project("{FAE04EC0-301F-11D3-BF4B-00C04F79EFBC}") = "ViretTool", "ViretTool\ViretTool.csproj", "{F935EF6A-5FD9-4FF3-9513-6F6A881FCB06}"
EndProject
Project("{FAE04EC0-301F-11D3-BF4B-00C04F79EFBC}") = "ViretTool.Core", "ViretTool.Core\ViretTool.Core.csproj", "{B573AFBC-D180-47D1-8BCE-47D0D72A8A96}"
EndProject
Project("{FAE04EC0-301F-11D3-BF4B-00C04F79EFBC}") = "ViretTool.BusinessLayer", "ViretTool.BusinessLayer\ViretTool.BusinessLayer.csproj", "{737B3FB5-E62B-4ED8-A75F-EC16470B94C9}"
	ProjectSection(ProjectDependencies) = postProject
		{F7058311-7616-4EA5-B2D2-35E502782537} = {F7058311-7616-4EA5-B2D2-35E502782537}
	EndProjectSection
EndProject
Project("{FAE04EC0-301F-11D3-BF4B-00C04F79EFBC}") = "ViretTool.DataLayer", "ViretTool.DataLayer\ViretTool.DataLayer.csproj", "{F7058311-7616-4EA5-B2D2-35E502782537}"
EndProject
Project("{FAE04EC0-301F-11D3-BF4B-00C04F79EFBC}") = "ViretTool.PresentationLayer", "ViretTool.PresentationLayer\ViretTool.PresentationLayer.csproj", "{4234CE6E-64A4-4C2D-A192-EED79B458A25}"
	ProjectSection(ProjectDependencies) = postProject
		{737B3FB5-E62B-4ED8-A75F-EC16470B94C9} = {737B3FB5-E62B-4ED8-A75F-EC16470B94C9}
	EndProjectSection
EndProject
Project("{FAE04EC0-301F-11D3-BF4B-00C04F79EFBC}") = "ViretTool.Resources", "ViretTool.Resources\ViretTool.Resources.csproj", "{5B076C61-E554-4B37-98F0-63169881A426}"
EndProject
Project("{2150E333-8FDC-42A3-9474-1A3956D46DE8}") = "SolutionItems", "SolutionItems", "{68C12A52-C927-4065-BD3E-02DCF8A2C175}"
	ProjectSection(SolutionItems) = preProject
		.editorconfig = .editorconfig
	EndProjectSection
EndProject
Project("{FAE04EC0-301F-11D3-BF4B-00C04F79EFBC}") = "ViretCore", "ViretCore\ViretCore.csproj", "{CA949C08-9CA8-4CE1-899B-41A6858B08E0}"
EndProject
Global
	GlobalSection(SolutionConfigurationPlatforms) = preSolution
		Debug RAM|x64 = Debug RAM|x64
		Debug|x64 = Debug|x64
		Release RAM|x64 = Release RAM|x64
		Release|x64 = Release|x64
	EndGlobalSection
	GlobalSection(ProjectConfigurationPlatforms) = postSolution
		{F935EF6A-5FD9-4FF3-9513-6F6A881FCB06}.Debug RAM|x64.ActiveCfg = Debug RAM|x64
		{F935EF6A-5FD9-4FF3-9513-6F6A881FCB06}.Debug RAM|x64.Build.0 = Debug RAM|x64
		{F935EF6A-5FD9-4FF3-9513-6F6A881FCB06}.Debug|x64.ActiveCfg = Debug|x64
		{F935EF6A-5FD9-4FF3-9513-6F6A881FCB06}.Debug|x64.Build.0 = Debug|x64
		{F935EF6A-5FD9-4FF3-9513-6F6A881FCB06}.Release RAM|x64.ActiveCfg = Release RAM|x64
		{F935EF6A-5FD9-4FF3-9513-6F6A881FCB06}.Release RAM|x64.Build.0 = Release RAM|x64
		{F935EF6A-5FD9-4FF3-9513-6F6A881FCB06}.Release|x64.ActiveCfg = Release|x64
		{F935EF6A-5FD9-4FF3-9513-6F6A881FCB06}.Release|x64.Build.0 = Release|x64
		{B573AFBC-D180-47D1-8BCE-47D0D72A8A96}.Debug RAM|x64.ActiveCfg = Debug|x64
		{B573AFBC-D180-47D1-8BCE-47D0D72A8A96}.Debug RAM|x64.Build.0 = Debug|x64
		{B573AFBC-D180-47D1-8BCE-47D0D72A8A96}.Debug|x64.ActiveCfg = Debug|x64
		{B573AFBC-D180-47D1-8BCE-47D0D72A8A96}.Debug|x64.Build.0 = Debug|x64
		{B573AFBC-D180-47D1-8BCE-47D0D72A8A96}.Release RAM|x64.ActiveCfg = Release|x64
		{B573AFBC-D180-47D1-8BCE-47D0D72A8A96}.Release RAM|x64.Build.0 = Release|x64
		{B573AFBC-D180-47D1-8BCE-47D0D72A8A96}.Release|x64.ActiveCfg = Release|x64
		{B573AFBC-D180-47D1-8BCE-47D0D72A8A96}.Release|x64.Build.0 = Release|x64
		{737B3FB5-E62B-4ED8-A75F-EC16470B94C9}.Debug RAM|x64.ActiveCfg = Debug RAM|x64
		{737B3FB5-E62B-4ED8-A75F-EC16470B94C9}.Debug RAM|x64.Build.0 = Debug RAM|x64
		{737B3FB5-E62B-4ED8-A75F-EC16470B94C9}.Debug|x64.ActiveCfg = Debug|x64
		{737B3FB5-E62B-4ED8-A75F-EC16470B94C9}.Debug|x64.Build.0 = Debug|x64
		{737B3FB5-E62B-4ED8-A75F-EC16470B94C9}.Release RAM|x64.ActiveCfg = Release RAM|x64
		{737B3FB5-E62B-4ED8-A75F-EC16470B94C9}.Release RAM|x64.Build.0 = Release RAM|x64
		{737B3FB5-E62B-4ED8-A75F-EC16470B94C9}.Release|x64.ActiveCfg = Release|x64
		{737B3FB5-E62B-4ED8-A75F-EC16470B94C9}.Release|x64.Build.0 = Release|x64
		{F7058311-7616-4EA5-B2D2-35E502782537}.Debug RAM|x64.ActiveCfg = Debug RAM|x64
		{F7058311-7616-4EA5-B2D2-35E502782537}.Debug RAM|x64.Build.0 = Debug RAM|x64
		{F7058311-7616-4EA5-B2D2-35E502782537}.Debug|x64.ActiveCfg = Debug|x64
		{F7058311-7616-4EA5-B2D2-35E502782537}.Debug|x64.Build.0 = Debug|x64
		{F7058311-7616-4EA5-B2D2-35E502782537}.Release RAM|x64.ActiveCfg = Release RAM|x64
		{F7058311-7616-4EA5-B2D2-35E502782537}.Release RAM|x64.Build.0 = Release RAM|x64
		{F7058311-7616-4EA5-B2D2-35E502782537}.Release|x64.ActiveCfg = Release|x64
		{F7058311-7616-4EA5-B2D2-35E502782537}.Release|x64.Build.0 = Release|x64
		{4234CE6E-64A4-4C2D-A192-EED79B458A25}.Debug RAM|x64.ActiveCfg = Debug|x64
		{4234CE6E-64A4-4C2D-A192-EED79B458A25}.Debug RAM|x64.Build.0 = Debug|x64
		{4234CE6E-64A4-4C2D-A192-EED79B458A25}.Debug|x64.ActiveCfg = Debug|x64
		{4234CE6E-64A4-4C2D-A192-EED79B458A25}.Debug|x64.Build.0 = Debug|x64
		{4234CE6E-64A4-4C2D-A192-EED79B458A25}.Release RAM|x64.ActiveCfg = Release|x64
		{4234CE6E-64A4-4C2D-A192-EED79B458A25}.Release RAM|x64.Build.0 = Release|x64
		{4234CE6E-64A4-4C2D-A192-EED79B458A25}.Release|x64.ActiveCfg = Release|x64
		{4234CE6E-64A4-4C2D-A192-EED79B458A25}.Release|x64.Build.0 = Release|x64
		{5B076C61-E554-4B37-98F0-63169881A426}.Debug RAM|x64.ActiveCfg = Debug|x64
		{5B076C61-E554-4B37-98F0-63169881A426}.Debug RAM|x64.Build.0 = Debug|x64
		{5B076C61-E554-4B37-98F0-63169881A426}.Debug|x64.ActiveCfg = Debug|x64
		{5B076C61-E554-4B37-98F0-63169881A426}.Debug|x64.Build.0 = Debug|x64
		{5B076C61-E554-4B37-98F0-63169881A426}.Release RAM|x64.ActiveCfg = Release|x64
		{5B076C61-E554-4B37-98F0-63169881A426}.Release RAM|x64.Build.0 = Release|x64
		{5B076C61-E554-4B37-98F0-63169881A426}.Release|x64.ActiveCfg = Release|x64
		{5B076C61-E554-4B37-98F0-63169881A426}.Release|x64.Build.0 = Release|x64
		{CA949C08-9CA8-4CE1-899B-41A6858B08E0}.Debug RAM|x64.ActiveCfg = Debug|x64
		{CA949C08-9CA8-4CE1-899B-41A6858B08E0}.Debug|x64.ActiveCfg = Debug|x64
		{CA949C08-9CA8-4CE1-899B-41A6858B08E0}.Debug|x64.Build.0 = Debug|x64
		{CA949C08-9CA8-4CE1-899B-41A6858B08E0}.Release RAM|x64.ActiveCfg = Release|x64
		{CA949C08-9CA8-4CE1-899B-41A6858B08E0}.Release|x64.ActiveCfg = Release|x64
	EndGlobalSection
	GlobalSection(SolutionProperties) = preSolution
		HideSolutionNode = FALSE
	EndGlobalSection
	GlobalSection(ExtensibilityGlobals) = postSolution
		SolutionGuid = {CC0C9166-CC20-4355-80C8-ACF9C7D045E3}
	EndGlobalSection
EndGlobal
