
Microsoft Visual Studio Solution File, Format Version 12.00
# Visual Studio Version 16
VisualStudioVersion = 16.0.29411.108
MinimumVisualStudioVersion = 10.0.40219.1
Project("{FAE04EC0-301F-11D3-BF4B-00C04F79EFBC}") = "ViretTool", "ViretTool\ViretTool.csproj", "{F935EF6A-5FD9-4FF3-9513-6F6A881FCB06}"
EndProject
Project("{FAE04EC0-301F-11D3-BF4B-00C04F79EFBC}") = "ViretTool.Core", "ViretTool.Core\ViretTool.Core.csproj", "{B573AFBC-D180-47D1-8BCE-47D0D72A8A96}"
EndProject
Project("{FAE04EC0-301F-11D3-BF4B-00C04F79EFBC}") = "ViretTool.BusinessLayer", "ViretTool.BusinessLayer\ViretTool.BusinessLayer.csproj", "{737B3FB5-E62B-4ED8-A75F-EC16470B94C9}"
	ProjectSection(ProjectDependencies) = postProject
		{F7058311-7616-4EA5-B2D2-35E502782537} = {F7058311-7616-4EA5-B2D2-35E502782537}
	EndProjectSection
EndProject
Project("{FAE04EC0-301F-11D3-BF4B-00C04F79EFBC}") = "ViretTool.DataLayer", "ViretTool.DataLayer\ViretTool.DataLayer.csproj", "{F7058311-7616-4EA5-B2D2-35E502782537}"
EndProject
Project("{FAE04EC0-301F-11D3-BF4B-00C04F79EFBC}") = "ViretTool.PresentationLayer", "ViretTool.PresentationLayer\ViretTool.PresentationLayer.csproj", "{4234CE6E-64A4-4C2D-A192-EED79B458A25}"
	ProjectSection(ProjectDependencies) = postProject
		{737B3FB5-E62B-4ED8-A75F-EC16470B94C9} = {737B3FB5-E62B-4ED8-A75F-EC16470B94C9}
	EndProjectSection
EndProject
Project("{FAE04EC0-301F-11D3-BF4B-00C04F79EFBC}") = "ViretTool.Resources", "ViretTool.Resources\ViretTool.Resources.csproj", "{5B076C61-E554-4B37-98F0-63169881A426}"
EndProject
Project("{2150E333-8FDC-42A3-9474-1A3956D46DE8}") = "SolutionItems", "SolutionItems", "{68C12A52-C927-4065-BD3E-02DCF8A2C175}"
	ProjectSection(SolutionItems) = preProject
		.editorconfig = .editorconfig
	EndProjectSection
EndProject
Project("{FAE04EC0-301F-11D3-BF4B-00C04F79EFBC}") = "ViretTool.DataLayer.Test", "ViretTool.DataLayer.Test\ViretTool.DataLayer.Test.csproj", "{AE2ECE99-206E-4DC6-A85A-9BC687D2918D}"
EndProject
Project("{2150E333-8FDC-42A3-9474-1A3956D46DE8}") = "Tests", "Tests", "{C2A8FDE7-06BD-4C36-8531-3D90C1FB78FC}"
EndProject
Project("{2150E333-8FDC-42A3-9474-1A3956D46DE8}") = "Extraction", "Extraction", "{F38D82C4-0A4A-48DA-9CD6-A2FBB46F305E}"
EndProject
Project("{2150E333-8FDC-42A3-9474-1A3956D46DE8}") = "Dataset", "Dataset", "{ABC14DBB-EDB6-48ED-8B32-0A78ACE58662}"
EndProject
Project("{2150E333-8FDC-42A3-9474-1A3956D46DE8}") = "Descriptors", "Descriptors", "{BF158285-9F97-4B1C-BEC7-AB0D49B4F98D}"
EndProject
Project("{2150E333-8FDC-42A3-9474-1A3956D46DE8}") = "Thumbnails", "Thumbnails", "{FCA31D4E-6EBB-4928-AABF-02D1E0C67E17}"
EndProject
Project("{2150E333-8FDC-42A3-9474-1A3956D46DE8}") = "Filters", "Filters", "{E23F79E3-F261-42F2-BA40-803880674AEA}"
EndProject
Project("{FAE04EC0-301F-11D3-BF4B-00C04F79EFBC}") = "ColorSignatureDescriptorExtractor", "ColorSignatureDescriptorExtractor\ColorSignatureDescriptorExtractor.csproj", "{13C97BA1-77F4-458C-AF1F-A4DE1E803330}"
EndProject
Project("{FAE04EC0-301F-11D3-BF4B-00C04F79EFBC}") = "FloatVectorFileConverter", "FloatVectorFileConverter\FloatVectorFileConverter.csproj", "{7F061487-3780-4B05-8813-8592FD9BA705}"
EndProject
Project("{FAE04EC0-301F-11D3-BF4B-00C04F79EFBC}") = "BlackAndWhiteFilterExtractor", "BlackAndWhiteFilterExtractor\BlackAndWhiteFilterExtractor.csproj", "{881D6795-3A96-4AAE-9560-36693EA1D65D}"
EndProject
Project("{FAE04EC0-301F-11D3-BF4B-00C04F79EFBC}") = "ThumbnailVisualizationTest", "ThumbnailVisualizationTest\ThumbnailVisualizationTest.csproj", "{ACBE4284-4DC9-47BF-8D38-CF3BF3E8A5F7}"
EndProject
Project("{FAE04EC0-301F-11D3-BF4B-00C04F79EFBC}") = "ColorSignatureVisualizationTest", "ColorSignatureVisualizationTest\ColorSignatureVisualizationTest.csproj", "{55795C16-BB09-4BE1-8DFA-BA4BC11A1BCF}"
EndProject
Project("{FAE04EC0-301F-11D3-BF4B-00C04F79EFBC}") = "ThumbnailFileCreator", "ThumbnailFileCreator\ThumbnailFileCreator.csproj", "{1830E66E-F3A1-45D0-BE39-3B83ED22E236}"
EndProject
Project("{FAE04EC0-301F-11D3-BF4B-00C04F79EFBC}") = "DatasetFileCreator", "DatasetFileCreator\DatasetFileCreator.csproj", "{D13AAE2E-9635-4AE7-9601-153961B59348}"
EndProject
Project("{FAE04EC0-301F-11D3-BF4B-00C04F79EFBC}") = "ViretTool.BusinessLayer.ExternalDescriptors", "ViretTool.BusinessLayer.ExternalDescriptors\ViretTool.BusinessLayer.ExternalDescriptors.csproj", "{9EB09F6E-E474-4FB4-B7DE-017C91C198FF}"
EndProject
Project("{FAE04EC0-301F-11D3-BF4B-00C04F79EFBC}") = "BoolSignatureFileConverter", "BoolSignatureFileConverter\BoolSignatureFileConverter.csproj", "{FCBE0EAB-34C6-48D9-9D14-907E106E648E}"
EndProject
Project("{2150E333-8FDC-42A3-9474-1A3956D46DE8}") = "Analysis", "Analysis", "{2430B804-617A-4539-970A-7ED8E9885E82}"
EndProject
Project("{FAE04EC0-301F-11D3-BF4B-00C04F79EFBC}") = "KisQueryResultExtraction", "KisQueryResultExtraction\KisQueryResultExtraction.csproj", "{B63C28A3-5F49-4C7B-9CA6-14134D6FD078}"
	ProjectSection(ProjectDependencies) = postProject
		{F7058311-7616-4EA5-B2D2-35E502782537} = {F7058311-7616-4EA5-B2D2-35E502782537}
		{9EB09F6E-E474-4FB4-B7DE-017C91C198FF} = {9EB09F6E-E474-4FB4-B7DE-017C91C198FF}
		{737B3FB5-E62B-4ED8-A75F-EC16470B94C9} = {737B3FB5-E62B-4ED8-A75F-EC16470B94C9}
	EndProjectSection
EndProject
Project("{FAE04EC0-301F-11D3-BF4B-00C04F79EFBC}") = "VbsKisTaskFramesetExtractor", "VbsKisTaskFramesetExtractor\VbsKisTaskFramesetExtractor.csproj", "{80BB8EA3-676D-4DC9-919B-3373AD0653C1}"
	ProjectSection(ProjectDependencies) = postProject
		{F7058311-7616-4EA5-B2D2-35E502782537} = {F7058311-7616-4EA5-B2D2-35E502782537}
	EndProjectSection
EndProject
Project("{FAE04EC0-301F-11D3-BF4B-00C04F79EFBC}") = "DataTrimmer", "DataTrimmer\DataTrimmer.csproj", "{AB797493-EFEB-4557-AFD9-BC13919C9B02}"
EndProject
Project("{FAE04EC0-301F-11D3-BF4B-00C04F79EFBC}") = "KisQueryResultUpdater", "KisQueryResultUpdater\KisQueryResultUpdater.csproj", "{6BD363F9-AB70-4A46-A3B4-7BAD300300CA}"
EndProject
Project("{FAE04EC0-301F-11D3-BF4B-00C04F79EFBC}") = "ShotsDetector", "ShotsDetector\ShotsDetector.csproj", "{E542B6C5-75DC-49C4-8DA4-F1E6367FC00D}"
EndProject
Project("{FAE04EC0-301F-11D3-BF4B-00C04F79EFBC}") = "KeywordFileDeinverter", "KeywordFileDeinverter\KeywordFileDeinverter.csproj", "{E4522BF0-179E-49B4-BA09-0EA7CC0BB505}"
EndProject
Project("{FAE04EC0-301F-11D3-BF4B-00C04F79EFBC}") = "KeywordScoringFileConverter", "KeywordScoringFileConverter\KeywordScoringFileConverter.csproj", "{8E58B0B6-4F10-490E-BB67-7E3DE9A3A67D}"
EndProject
Project("{FAE04EC0-301F-11D3-BF4B-00C04F79EFBC}") = "BoolSignatureVisualizationTest", "BoolSignatureVisualizationTest\BoolSignatureVisualizationTest.csproj", "{5875519B-4973-496B-AEBB-B52E47EE8270}"
EndProject
Global
	GlobalSection(SolutionConfigurationPlatforms) = preSolution
		Debug RAM|x64 = Debug RAM|x64
		Debug|x64 = Debug|x64
		Release RAM|x64 = Release RAM|x64
		Release|x64 = Release|x64
	EndGlobalSection
	GlobalSection(ProjectConfigurationPlatforms) = postSolution
		{F935EF6A-5FD9-4FF3-9513-6F6A881FCB06}.Debug RAM|x64.ActiveCfg = Debug RAM|x64
		{F935EF6A-5FD9-4FF3-9513-6F6A881FCB06}.Debug RAM|x64.Build.0 = Debug RAM|x64
		{F935EF6A-5FD9-4FF3-9513-6F6A881FCB06}.Debug|x64.ActiveCfg = Debug|x64
		{F935EF6A-5FD9-4FF3-9513-6F6A881FCB06}.Debug|x64.Build.0 = Debug|x64
		{F935EF6A-5FD9-4FF3-9513-6F6A881FCB06}.Release RAM|x64.ActiveCfg = Release RAM|x64
		{F935EF6A-5FD9-4FF3-9513-6F6A881FCB06}.Release RAM|x64.Build.0 = Release RAM|x64
		{F935EF6A-5FD9-4FF3-9513-6F6A881FCB06}.Release|x64.ActiveCfg = Release|x64
		{F935EF6A-5FD9-4FF3-9513-6F6A881FCB06}.Release|x64.Build.0 = Release|x64
		{B573AFBC-D180-47D1-8BCE-47D0D72A8A96}.Debug RAM|x64.ActiveCfg = Debug|x64
		{B573AFBC-D180-47D1-8BCE-47D0D72A8A96}.Debug RAM|x64.Build.0 = Debug|x64
		{B573AFBC-D180-47D1-8BCE-47D0D72A8A96}.Debug|x64.ActiveCfg = Debug|x64
		{B573AFBC-D180-47D1-8BCE-47D0D72A8A96}.Debug|x64.Build.0 = Debug|x64
		{B573AFBC-D180-47D1-8BCE-47D0D72A8A96}.Release RAM|x64.ActiveCfg = Release|x64
		{B573AFBC-D180-47D1-8BCE-47D0D72A8A96}.Release RAM|x64.Build.0 = Release|x64
		{B573AFBC-D180-47D1-8BCE-47D0D72A8A96}.Release|x64.ActiveCfg = Release|x64
		{B573AFBC-D180-47D1-8BCE-47D0D72A8A96}.Release|x64.Build.0 = Release|x64
		{737B3FB5-E62B-4ED8-A75F-EC16470B94C9}.Debug RAM|x64.ActiveCfg = Debug RAM|x64
		{737B3FB5-E62B-4ED8-A75F-EC16470B94C9}.Debug RAM|x64.Build.0 = Debug RAM|x64
		{737B3FB5-E62B-4ED8-A75F-EC16470B94C9}.Debug|x64.ActiveCfg = Debug|x64
		{737B3FB5-E62B-4ED8-A75F-EC16470B94C9}.Debug|x64.Build.0 = Debug|x64
		{737B3FB5-E62B-4ED8-A75F-EC16470B94C9}.Release RAM|x64.ActiveCfg = Release RAM|x64
		{737B3FB5-E62B-4ED8-A75F-EC16470B94C9}.Release RAM|x64.Build.0 = Release RAM|x64
		{737B3FB5-E62B-4ED8-A75F-EC16470B94C9}.Release|x64.ActiveCfg = Release|x64
		{737B3FB5-E62B-4ED8-A75F-EC16470B94C9}.Release|x64.Build.0 = Release|x64
		{F7058311-7616-4EA5-B2D2-35E502782537}.Debug RAM|x64.ActiveCfg = Debug RAM|x64
		{F7058311-7616-4EA5-B2D2-35E502782537}.Debug RAM|x64.Build.0 = Debug RAM|x64
		{F7058311-7616-4EA5-B2D2-35E502782537}.Debug|x64.ActiveCfg = Debug|x64
		{F7058311-7616-4EA5-B2D2-35E502782537}.Debug|x64.Build.0 = Debug|x64
		{F7058311-7616-4EA5-B2D2-35E502782537}.Release RAM|x64.ActiveCfg = Release RAM|x64
		{F7058311-7616-4EA5-B2D2-35E502782537}.Release RAM|x64.Build.0 = Release RAM|x64
		{F7058311-7616-4EA5-B2D2-35E502782537}.Release|x64.ActiveCfg = Release|x64
		{F7058311-7616-4EA5-B2D2-35E502782537}.Release|x64.Build.0 = Release|x64
		{4234CE6E-64A4-4C2D-A192-EED79B458A25}.Debug RAM|x64.ActiveCfg = Debug|x64
		{4234CE6E-64A4-4C2D-A192-EED79B458A25}.Debug RAM|x64.Build.0 = Debug|x64
		{4234CE6E-64A4-4C2D-A192-EED79B458A25}.Debug|x64.ActiveCfg = Debug|x64
		{4234CE6E-64A4-4C2D-A192-EED79B458A25}.Debug|x64.Build.0 = Debug|x64
		{4234CE6E-64A4-4C2D-A192-EED79B458A25}.Release RAM|x64.ActiveCfg = Release|x64
		{4234CE6E-64A4-4C2D-A192-EED79B458A25}.Release RAM|x64.Build.0 = Release|x64
		{4234CE6E-64A4-4C2D-A192-EED79B458A25}.Release|x64.ActiveCfg = Release|x64
		{4234CE6E-64A4-4C2D-A192-EED79B458A25}.Release|x64.Build.0 = Release|x64
		{5B076C61-E554-4B37-98F0-63169881A426}.Debug RAM|x64.ActiveCfg = Debug|x64
		{5B076C61-E554-4B37-98F0-63169881A426}.Debug RAM|x64.Build.0 = Debug|x64
		{5B076C61-E554-4B37-98F0-63169881A426}.Debug|x64.ActiveCfg = Debug|x64
		{5B076C61-E554-4B37-98F0-63169881A426}.Debug|x64.Build.0 = Debug|x64
		{5B076C61-E554-4B37-98F0-63169881A426}.Release RAM|x64.ActiveCfg = Release|x64
		{5B076C61-E554-4B37-98F0-63169881A426}.Release RAM|x64.Build.0 = Release|x64
		{5B076C61-E554-4B37-98F0-63169881A426}.Release|x64.ActiveCfg = Release|x64
		{5B076C61-E554-4B37-98F0-63169881A426}.Release|x64.Build.0 = Release|x64
		{AE2ECE99-206E-4DC6-A85A-9BC687D2918D}.Debug RAM|x64.ActiveCfg = Debug|x64
		{AE2ECE99-206E-4DC6-A85A-9BC687D2918D}.Debug RAM|x64.Build.0 = Debug|x64
		{AE2ECE99-206E-4DC6-A85A-9BC687D2918D}.Debug|x64.ActiveCfg = Debug|x64
		{AE2ECE99-206E-4DC6-A85A-9BC687D2918D}.Debug|x64.Build.0 = Debug|x64
		{AE2ECE99-206E-4DC6-A85A-9BC687D2918D}.Release RAM|x64.ActiveCfg = Release|x64
		{AE2ECE99-206E-4DC6-A85A-9BC687D2918D}.Release RAM|x64.Build.0 = Release|x64
		{AE2ECE99-206E-4DC6-A85A-9BC687D2918D}.Release|x64.ActiveCfg = Release|x64
		{AE2ECE99-206E-4DC6-A85A-9BC687D2918D}.Release|x64.Build.0 = Release|x64
		{13C97BA1-77F4-458C-AF1F-A4DE1E803330}.Debug RAM|x64.ActiveCfg = Debug|x64
		{13C97BA1-77F4-458C-AF1F-A4DE1E803330}.Debug RAM|x64.Build.0 = Debug|x64
		{13C97BA1-77F4-458C-AF1F-A4DE1E803330}.Debug|x64.ActiveCfg = Debug|x64
		{13C97BA1-77F4-458C-AF1F-A4DE1E803330}.Debug|x64.Build.0 = Debug|x64
		{13C97BA1-77F4-458C-AF1F-A4DE1E803330}.Release RAM|x64.ActiveCfg = Release|x64
		{13C97BA1-77F4-458C-AF1F-A4DE1E803330}.Release RAM|x64.Build.0 = Release|x64
		{13C97BA1-77F4-458C-AF1F-A4DE1E803330}.Release|x64.ActiveCfg = Release|x64
		{13C97BA1-77F4-458C-AF1F-A4DE1E803330}.Release|x64.Build.0 = Release|x64
		{7F061487-3780-4B05-8813-8592FD9BA705}.Debug RAM|x64.ActiveCfg = Debug|x64
		{7F061487-3780-4B05-8813-8592FD9BA705}.Debug RAM|x64.Build.0 = Debug|x64
		{7F061487-3780-4B05-8813-8592FD9BA705}.Debug|x64.ActiveCfg = Debug|x64
		{7F061487-3780-4B05-8813-8592FD9BA705}.Debug|x64.Build.0 = Debug|x64
		{7F061487-3780-4B05-8813-8592FD9BA705}.Release RAM|x64.ActiveCfg = Release|x64
		{7F061487-3780-4B05-8813-8592FD9BA705}.Release RAM|x64.Build.0 = Release|x64
		{7F061487-3780-4B05-8813-8592FD9BA705}.Release|x64.ActiveCfg = Release|x64
		{7F061487-3780-4B05-8813-8592FD9BA705}.Release|x64.Build.0 = Release|x64
		{881D6795-3A96-4AAE-9560-36693EA1D65D}.Debug RAM|x64.ActiveCfg = Debug|x64
		{881D6795-3A96-4AAE-9560-36693EA1D65D}.Debug RAM|x64.Build.0 = Debug|x64
		{881D6795-3A96-4AAE-9560-36693EA1D65D}.Debug|x64.ActiveCfg = Debug|x64
		{881D6795-3A96-4AAE-9560-36693EA1D65D}.Debug|x64.Build.0 = Debug|x64
		{881D6795-3A96-4AAE-9560-36693EA1D65D}.Release RAM|x64.ActiveCfg = Release|x64
		{881D6795-3A96-4AAE-9560-36693EA1D65D}.Release RAM|x64.Build.0 = Release|x64
		{881D6795-3A96-4AAE-9560-36693EA1D65D}.Release|x64.ActiveCfg = Release|x64
		{881D6795-3A96-4AAE-9560-36693EA1D65D}.Release|x64.Build.0 = Release|x64
		{ACBE4284-4DC9-47BF-8D38-CF3BF3E8A5F7}.Debug RAM|x64.ActiveCfg = Debug|x64
		{ACBE4284-4DC9-47BF-8D38-CF3BF3E8A5F7}.Debug RAM|x64.Build.0 = Debug|x64
		{ACBE4284-4DC9-47BF-8D38-CF3BF3E8A5F7}.Debug|x64.ActiveCfg = Debug|x64
		{ACBE4284-4DC9-47BF-8D38-CF3BF3E8A5F7}.Debug|x64.Build.0 = Debug|x64
		{ACBE4284-4DC9-47BF-8D38-CF3BF3E8A5F7}.Release RAM|x64.ActiveCfg = Release|x64
		{ACBE4284-4DC9-47BF-8D38-CF3BF3E8A5F7}.Release RAM|x64.Build.0 = Release|x64
		{ACBE4284-4DC9-47BF-8D38-CF3BF3E8A5F7}.Release|x64.ActiveCfg = Release|x64
		{ACBE4284-4DC9-47BF-8D38-CF3BF3E8A5F7}.Release|x64.Build.0 = Release|x64
		{55795C16-BB09-4BE1-8DFA-BA4BC11A1BCF}.Debug RAM|x64.ActiveCfg = Debug|x64
		{55795C16-BB09-4BE1-8DFA-BA4BC11A1BCF}.Debug RAM|x64.Build.0 = Debug|x64
		{55795C16-BB09-4BE1-8DFA-BA4BC11A1BCF}.Debug|x64.ActiveCfg = Debug|x64
		{55795C16-BB09-4BE1-8DFA-BA4BC11A1BCF}.Debug|x64.Build.0 = Debug|x64
		{55795C16-BB09-4BE1-8DFA-BA4BC11A1BCF}.Release RAM|x64.ActiveCfg = Release|x64
		{55795C16-BB09-4BE1-8DFA-BA4BC11A1BCF}.Release RAM|x64.Build.0 = Release|x64
		{55795C16-BB09-4BE1-8DFA-BA4BC11A1BCF}.Release|x64.ActiveCfg = Release|x64
		{55795C16-BB09-4BE1-8DFA-BA4BC11A1BCF}.Release|x64.Build.0 = Release|x64
		{1830E66E-F3A1-45D0-BE39-3B83ED22E236}.Debug RAM|x64.ActiveCfg = Debug|x64
		{1830E66E-F3A1-45D0-BE39-3B83ED22E236}.Debug RAM|x64.Build.0 = Debug|x64
		{1830E66E-F3A1-45D0-BE39-3B83ED22E236}.Debug|x64.ActiveCfg = Debug|x64
		{1830E66E-F3A1-45D0-BE39-3B83ED22E236}.Debug|x64.Build.0 = Debug|x64
		{1830E66E-F3A1-45D0-BE39-3B83ED22E236}.Release RAM|x64.ActiveCfg = Release|x64
		{1830E66E-F3A1-45D0-BE39-3B83ED22E236}.Release RAM|x64.Build.0 = Release|x64
		{1830E66E-F3A1-45D0-BE39-3B83ED22E236}.Release|x64.ActiveCfg = Release|x64
		{1830E66E-F3A1-45D0-BE39-3B83ED22E236}.Release|x64.Build.0 = Release|x64
		{D13AAE2E-9635-4AE7-9601-153961B59348}.Debug RAM|x64.ActiveCfg = Debug|x64
		{D13AAE2E-9635-4AE7-9601-153961B59348}.Debug RAM|x64.Build.0 = Debug|x64
		{D13AAE2E-9635-4AE7-9601-153961B59348}.Debug|x64.ActiveCfg = Debug|x64
		{D13AAE2E-9635-4AE7-9601-153961B59348}.Debug|x64.Build.0 = Debug|x64
		{D13AAE2E-9635-4AE7-9601-153961B59348}.Release RAM|x64.ActiveCfg = Release|x64
		{D13AAE2E-9635-4AE7-9601-153961B59348}.Release RAM|x64.Build.0 = Release|x64
		{D13AAE2E-9635-4AE7-9601-153961B59348}.Release|x64.ActiveCfg = Release|x64
		{D13AAE2E-9635-4AE7-9601-153961B59348}.Release|x64.Build.0 = Release|x64
		{9EB09F6E-E474-4FB4-B7DE-017C91C198FF}.Debug RAM|x64.ActiveCfg = Debug|x64
		{9EB09F6E-E474-4FB4-B7DE-017C91C198FF}.Debug RAM|x64.Build.0 = Debug|x64
		{9EB09F6E-E474-4FB4-B7DE-017C91C198FF}.Debug|x64.ActiveCfg = Debug|x64
		{9EB09F6E-E474-4FB4-B7DE-017C91C198FF}.Debug|x64.Build.0 = Debug|x64
		{9EB09F6E-E474-4FB4-B7DE-017C91C198FF}.Release RAM|x64.ActiveCfg = Release|x64
		{9EB09F6E-E474-4FB4-B7DE-017C91C198FF}.Release RAM|x64.Build.0 = Release|x64
		{9EB09F6E-E474-4FB4-B7DE-017C91C198FF}.Release|x64.ActiveCfg = Release|x64
		{9EB09F6E-E474-4FB4-B7DE-017C91C198FF}.Release|x64.Build.0 = Release|x64
		{FCBE0EAB-34C6-48D9-9D14-907E106E648E}.Debug RAM|x64.ActiveCfg = Debug|x64
		{FCBE0EAB-34C6-48D9-9D14-907E106E648E}.Debug RAM|x64.Build.0 = Debug|x64
		{FCBE0EAB-34C6-48D9-9D14-907E106E648E}.Debug|x64.ActiveCfg = Debug|x64
		{FCBE0EAB-34C6-48D9-9D14-907E106E648E}.Debug|x64.Build.0 = Debug|x64
		{FCBE0EAB-34C6-48D9-9D14-907E106E648E}.Release RAM|x64.ActiveCfg = Release|x64
		{FCBE0EAB-34C6-48D9-9D14-907E106E648E}.Release RAM|x64.Build.0 = Release|x64
		{FCBE0EAB-34C6-48D9-9D14-907E106E648E}.Release|x64.ActiveCfg = Release|x64
		{FCBE0EAB-34C6-48D9-9D14-907E106E648E}.Release|x64.Build.0 = Release|x64
		{B63C28A3-5F49-4C7B-9CA6-14134D6FD078}.Debug RAM|x64.ActiveCfg = Debug|x64
		{B63C28A3-5F49-4C7B-9CA6-14134D6FD078}.Debug RAM|x64.Build.0 = Debug|x64
		{B63C28A3-5F49-4C7B-9CA6-14134D6FD078}.Debug|x64.ActiveCfg = Debug|x64
		{B63C28A3-5F49-4C7B-9CA6-14134D6FD078}.Debug|x64.Build.0 = Debug|x64
		{B63C28A3-5F49-4C7B-9CA6-14134D6FD078}.Release RAM|x64.ActiveCfg = Release|x64
		{B63C28A3-5F49-4C7B-9CA6-14134D6FD078}.Release RAM|x64.Build.0 = Release|x64
		{B63C28A3-5F49-4C7B-9CA6-14134D6FD078}.Release|x64.ActiveCfg = Release|x64
		{B63C28A3-5F49-4C7B-9CA6-14134D6FD078}.Release|x64.Build.0 = Release|x64
		{80BB8EA3-676D-4DC9-919B-3373AD0653C1}.Debug RAM|x64.ActiveCfg = Debug|x64
		{80BB8EA3-676D-4DC9-919B-3373AD0653C1}.Debug RAM|x64.Build.0 = Debug|x64
		{80BB8EA3-676D-4DC9-919B-3373AD0653C1}.Debug|x64.ActiveCfg = Debug|x64
		{80BB8EA3-676D-4DC9-919B-3373AD0653C1}.Debug|x64.Build.0 = Debug|x64
		{80BB8EA3-676D-4DC9-919B-3373AD0653C1}.Release RAM|x64.ActiveCfg = Release|x64
		{80BB8EA3-676D-4DC9-919B-3373AD0653C1}.Release RAM|x64.Build.0 = Release|x64
		{80BB8EA3-676D-4DC9-919B-3373AD0653C1}.Release|x64.ActiveCfg = Release|x64
		{80BB8EA3-676D-4DC9-919B-3373AD0653C1}.Release|x64.Build.0 = Release|x64
		{AB797493-EFEB-4557-AFD9-BC13919C9B02}.Debug RAM|x64.ActiveCfg = Debug|x64
		{AB797493-EFEB-4557-AFD9-BC13919C9B02}.Debug RAM|x64.Build.0 = Debug|x64
		{AB797493-EFEB-4557-AFD9-BC13919C9B02}.Debug|x64.ActiveCfg = Debug|x64
		{AB797493-EFEB-4557-AFD9-BC13919C9B02}.Debug|x64.Build.0 = Debug|x64
		{AB797493-EFEB-4557-AFD9-BC13919C9B02}.Release RAM|x64.ActiveCfg = Release|x64
		{AB797493-EFEB-4557-AFD9-BC13919C9B02}.Release RAM|x64.Build.0 = Release|x64
		{AB797493-EFEB-4557-AFD9-BC13919C9B02}.Release|x64.ActiveCfg = Release|x64
		{AB797493-EFEB-4557-AFD9-BC13919C9B02}.Release|x64.Build.0 = Release|x64
		{6BD363F9-AB70-4A46-A3B4-7BAD300300CA}.Debug RAM|x64.ActiveCfg = Debug|x64
		{6BD363F9-AB70-4A46-A3B4-7BAD300300CA}.Debug RAM|x64.Build.0 = Debug|x64
		{6BD363F9-AB70-4A46-A3B4-7BAD300300CA}.Debug|x64.ActiveCfg = Debug|x64
		{6BD363F9-AB70-4A46-A3B4-7BAD300300CA}.Debug|x64.Build.0 = Debug|x64
		{6BD363F9-AB70-4A46-A3B4-7BAD300300CA}.Release RAM|x64.ActiveCfg = Release|x64
		{6BD363F9-AB70-4A46-A3B4-7BAD300300CA}.Release RAM|x64.Build.0 = Release|x64
		{6BD363F9-AB70-4A46-A3B4-7BAD300300CA}.Release|x64.ActiveCfg = Release|x64
		{6BD363F9-AB70-4A46-A3B4-7BAD300300CA}.Release|x64.Build.0 = Release|x64
		{E542B6C5-75DC-49C4-8DA4-F1E6367FC00D}.Debug RAM|x64.ActiveCfg = Debug|x64
		{E542B6C5-75DC-49C4-8DA4-F1E6367FC00D}.Debug RAM|x64.Build.0 = Debug|x64
		{E542B6C5-75DC-49C4-8DA4-F1E6367FC00D}.Debug|x64.ActiveCfg = Debug|x64
		{E542B6C5-75DC-49C4-8DA4-F1E6367FC00D}.Debug|x64.Build.0 = Debug|x64
		{E542B6C5-75DC-49C4-8DA4-F1E6367FC00D}.Release RAM|x64.ActiveCfg = Release|x64
		{E542B6C5-75DC-49C4-8DA4-F1E6367FC00D}.Release RAM|x64.Build.0 = Release|x64
		{E542B6C5-75DC-49C4-8DA4-F1E6367FC00D}.Release|x64.ActiveCfg = Release|x64
		{E542B6C5-75DC-49C4-8DA4-F1E6367FC00D}.Release|x64.Build.0 = Release|x64
		{E4522BF0-179E-49B4-BA09-0EA7CC0BB505}.Debug RAM|x64.ActiveCfg = Debug|x64
		{E4522BF0-179E-49B4-BA09-0EA7CC0BB505}.Debug RAM|x64.Build.0 = Debug|x64
		{E4522BF0-179E-49B4-BA09-0EA7CC0BB505}.Debug|x64.ActiveCfg = Debug|x64
		{E4522BF0-179E-49B4-BA09-0EA7CC0BB505}.Debug|x64.Build.0 = Debug|x64
		{E4522BF0-179E-49B4-BA09-0EA7CC0BB505}.Release RAM|x64.ActiveCfg = Release|x64
		{E4522BF0-179E-49B4-BA09-0EA7CC0BB505}.Release RAM|x64.Build.0 = Release|x64
		{E4522BF0-179E-49B4-BA09-0EA7CC0BB505}.Release|x64.ActiveCfg = Release|x64
		{E4522BF0-179E-49B4-BA09-0EA7CC0BB505}.Release|x64.Build.0 = Release|x64
		{8E58B0B6-4F10-490E-BB67-7E3DE9A3A67D}.Debug RAM|x64.ActiveCfg = Debug|x64
		{8E58B0B6-4F10-490E-BB67-7E3DE9A3A67D}.Debug RAM|x64.Build.0 = Debug|x64
		{8E58B0B6-4F10-490E-BB67-7E3DE9A3A67D}.Debug|x64.ActiveCfg = Debug|x64
		{8E58B0B6-4F10-490E-BB67-7E3DE9A3A67D}.Debug|x64.Build.0 = Debug|x64
		{8E58B0B6-4F10-490E-BB67-7E3DE9A3A67D}.Release RAM|x64.ActiveCfg = Release|x64
		{8E58B0B6-4F10-490E-BB67-7E3DE9A3A67D}.Release RAM|x64.Build.0 = Release|x64
		{8E58B0B6-4F10-490E-BB67-7E3DE9A3A67D}.Release|x64.ActiveCfg = Release|x64
		{8E58B0B6-4F10-490E-BB67-7E3DE9A3A67D}.Release|x64.Build.0 = Release|x64
		{5875519B-4973-496B-AEBB-B52E47EE8270}.Debug RAM|x64.ActiveCfg = Debug|x64
		{5875519B-4973-496B-AEBB-B52E47EE8270}.Debug RAM|x64.Build.0 = Debug|x64
		{5875519B-4973-496B-AEBB-B52E47EE8270}.Debug|x64.ActiveCfg = Debug|x64
		{5875519B-4973-496B-AEBB-B52E47EE8270}.Debug|x64.Build.0 = Debug|x64
		{5875519B-4973-496B-AEBB-B52E47EE8270}.Release RAM|x64.ActiveCfg = Release|x64
		{5875519B-4973-496B-AEBB-B52E47EE8270}.Release RAM|x64.Build.0 = Release|x64
		{5875519B-4973-496B-AEBB-B52E47EE8270}.Release|x64.ActiveCfg = Release|x64
		{5875519B-4973-496B-AEBB-B52E47EE8270}.Release|x64.Build.0 = Release|x64
	EndGlobalSection
	GlobalSection(SolutionProperties) = preSolution
		HideSolutionNode = FALSE
	EndGlobalSection
	GlobalSection(NestedProjects) = preSolution
		{AE2ECE99-206E-4DC6-A85A-9BC687D2918D} = {C2A8FDE7-06BD-4C36-8531-3D90C1FB78FC}
		{ABC14DBB-EDB6-48ED-8B32-0A78ACE58662} = {F38D82C4-0A4A-48DA-9CD6-A2FBB46F305E}
		{BF158285-9F97-4B1C-BEC7-AB0D49B4F98D} = {F38D82C4-0A4A-48DA-9CD6-A2FBB46F305E}
		{FCA31D4E-6EBB-4928-AABF-02D1E0C67E17} = {F38D82C4-0A4A-48DA-9CD6-A2FBB46F305E}
		{E23F79E3-F261-42F2-BA40-803880674AEA} = {F38D82C4-0A4A-48DA-9CD6-A2FBB46F305E}
		{13C97BA1-77F4-458C-AF1F-A4DE1E803330} = {BF158285-9F97-4B1C-BEC7-AB0D49B4F98D}
		{7F061487-3780-4B05-8813-8592FD9BA705} = {BF158285-9F97-4B1C-BEC7-AB0D49B4F98D}
		{881D6795-3A96-4AAE-9560-36693EA1D65D} = {E23F79E3-F261-42F2-BA40-803880674AEA}
		{ACBE4284-4DC9-47BF-8D38-CF3BF3E8A5F7} = {C2A8FDE7-06BD-4C36-8531-3D90C1FB78FC}
		{55795C16-BB09-4BE1-8DFA-BA4BC11A1BCF} = {C2A8FDE7-06BD-4C36-8531-3D90C1FB78FC}
		{1830E66E-F3A1-45D0-BE39-3B83ED22E236} = {FCA31D4E-6EBB-4928-AABF-02D1E0C67E17}
		{D13AAE2E-9635-4AE7-9601-153961B59348} = {ABC14DBB-EDB6-48ED-8B32-0A78ACE58662}
		{FCBE0EAB-34C6-48D9-9D14-907E106E648E} = {BF158285-9F97-4B1C-BEC7-AB0D49B4F98D}
		{B63C28A3-5F49-4C7B-9CA6-14134D6FD078} = {2430B804-617A-4539-970A-7ED8E9885E82}
		{80BB8EA3-676D-4DC9-919B-3373AD0653C1} = {2430B804-617A-4539-970A-7ED8E9885E82}
		{AB797493-EFEB-4557-AFD9-BC13919C9B02} = {F38D82C4-0A4A-48DA-9CD6-A2FBB46F305E}
		{6BD363F9-AB70-4A46-A3B4-7BAD300300CA} = {2430B804-617A-4539-970A-7ED8E9885E82}
		{E542B6C5-75DC-49C4-8DA4-F1E6367FC00D} = {ABC14DBB-EDB6-48ED-8B32-0A78ACE58662}
		{E4522BF0-179E-49B4-BA09-0EA7CC0BB505} = {BF158285-9F97-4B1C-BEC7-AB0D49B4F98D}
		{8E58B0B6-4F10-490E-BB67-7E3DE9A3A67D} = {BF158285-9F97-4B1C-BEC7-AB0D49B4F98D}
		{5875519B-4973-496B-AEBB-B52E47EE8270} = {C2A8FDE7-06BD-4C36-8531-3D90C1FB78FC}
	EndGlobalSection
	GlobalSection(ExtensibilityGlobals) = postSolution
		SolutionGuid = {CC0C9166-CC20-4355-80C8-ACF9C7D045E3}
	EndGlobalSection
EndGlobal
